
Microsoft Visual Studio Solution File, Format Version 12.00
# Visual Studio 2012
Project("{FAE04EC0-301F-11D3-BF4B-00C04F79EFBC}") = "kOS", "kOS.csproj", "{B972AB0D-D76B-4274-B41E-ED93CBEA1AD5}"
EndProject
Global
	GlobalSection(SolutionConfigurationPlatforms) = preSolution
		Debug|Any CPU = Debug|Any CPU
		Release|Any CPU = Release|Any CPU
	EndGlobalSection
	GlobalSection(ProjectConfigurationPlatforms) = postSolution
		{B972AB0D-D76B-4274-B41E-ED93CBEA1AD5}.Debug|Any CPU.ActiveCfg = Debug|Any CPU
		{B972AB0D-D76B-4274-B41E-ED93CBEA1AD5}.Debug|Any CPU.Build.0 = Debug|Any CPU
		{B972AB0D-D76B-4274-B41E-ED93CBEA1AD5}.Release|Any CPU.ActiveCfg = Release|Any CPU
		{B972AB0D-D76B-4274-B41E-ED93CBEA1AD5}.Release|Any CPU.Build.0 = Release|Any CPU
	EndGlobalSection
	GlobalSection(SolutionProperties) = preSolution
		HideSolutionNode = FALSE
	EndGlobalSection
EndGlobal
