
Microsoft Visual Studio Solution File, Format Version 12.00
# Visual Studio 15
Project("{FAE04EC0-301F-11D3-BF4B-00C04F79EFBC}") = "Assembly-CSharp", "Assembly-CSharp.csproj", "{B0C0029C-7B2D-10B1-3AA4-36DC6ACF519E}"
EndProject
Project("{FAE04EC0-301F-11D3-BF4B-00C04F79EFBC}") = "Assembly-CSharp-firstpass", "Assembly-CSharp-firstpass.csproj", "{3B5D7723-FAB9-1D9D-0F23-5D0DEF4A4940}"
EndProject
Project("{FAE04EC0-301F-11D3-BF4B-00C04F79EFBC}") = "Assembly-CSharp-Editor", "Assembly-CSharp-Editor.csproj", "{C416997A-B8B0-92E4-1DB9-515E62B086E7}"
EndProject
Global
	GlobalSection(SolutionConfigurationPlatforms) = preSolution
		Debug|Any CPU = Debug|Any CPU
		Release|Any CPU = Release|Any CPU
	EndGlobalSection
	GlobalSection(ProjectConfigurationPlatforms) = postSolution
		{B0C0029C-7B2D-10B1-3AA4-36DC6ACF519E}.Debug|Any CPU.ActiveCfg = Debug|Any CPU
		{B0C0029C-7B2D-10B1-3AA4-36DC6ACF519E}.Debug|Any CPU.Build.0 = Debug|Any CPU
		{B0C0029C-7B2D-10B1-3AA4-36DC6ACF519E}.Release|Any CPU.ActiveCfg = Release|Any CPU
		{B0C0029C-7B2D-10B1-3AA4-36DC6ACF519E}.Release|Any CPU.Build.0 = Release|Any CPU
		{3B5D7723-FAB9-1D9D-0F23-5D0DEF4A4940}.Debug|Any CPU.ActiveCfg = Debug|Any CPU
		{3B5D7723-FAB9-1D9D-0F23-5D0DEF4A4940}.Debug|Any CPU.Build.0 = Debug|Any CPU
		{3B5D7723-FAB9-1D9D-0F23-5D0DEF4A4940}.Release|Any CPU.ActiveCfg = Release|Any CPU
		{3B5D7723-FAB9-1D9D-0F23-5D0DEF4A4940}.Release|Any CPU.Build.0 = Release|Any CPU
		{C416997A-B8B0-92E4-1DB9-515E62B086E7}.Debug|Any CPU.ActiveCfg = Debug|Any CPU
		{C416997A-B8B0-92E4-1DB9-515E62B086E7}.Debug|Any CPU.Build.0 = Debug|Any CPU
		{C416997A-B8B0-92E4-1DB9-515E62B086E7}.Release|Any CPU.ActiveCfg = Release|Any CPU
		{C416997A-B8B0-92E4-1DB9-515E62B086E7}.Release|Any CPU.Build.0 = Release|Any CPU
	EndGlobalSection
	GlobalSection(SolutionProperties) = preSolution
		HideSolutionNode = FALSE
	EndGlobalSection
EndGlobal
